{
  "name": "bikeday-cert",
  "version": "1.0.0",
  "lockfileVersion": 2,
  "requires": true,
  "packages": {
    "": {
      "name": "bikeday-cert",
      "version": "1.0.0",
      "license": "ISC",
      "dependencies": {
        "h3": "^0.7.8"
      }
    },
    "node_modules/cookie-es": {
      "version": "0.5.0",
      "resolved": "https://registry.npmjs.org/cookie-es/-/cookie-es-0.5.0.tgz",
      "integrity": "sha512-RyZrFi6PNpBFbIaQjXDlFIhFVqV42QeKSZX1yQIl6ihImq6vcHNGMtqQ/QzY3RMPuYSkvsRwtnt5M9NeYxKt0g=="
    },
    "node_modules/destr": {
      "version": "1.1.1",
      "resolved": "https://registry.npmjs.org/destr/-/destr-1.1.1.tgz",
      "integrity": "sha512-QqkneF8LrYmwATMdnuD2MLI3GHQIcBnG6qFC2q9bSH430VTCDAVjcspPmUaKhPGtAtPAftIUFqY1obQYQuwmbg=="
    },
    "node_modules/h3": {
      "version": "0.7.8",
      "resolved": "https://registry.npmjs.org/h3/-/h3-0.7.8.tgz",
      "integrity": "sha512-E5hqrzQvQEYVE4h579pLb9gipHagQVZIMP2v83vSKxa40b7ctG1zNylXtW57BT3BGNVeQTccl6vIwyVK1L6lLw==",
      "dependencies": {
        "cookie-es": "^0.5.0",
        "destr": "^1.1.1",
        "radix3": "^0.1.2",
        "ufo": "^0.8.3"
      }
    },
    "node_modules/radix3": {
      "version": "0.1.2",
      "resolved": "https://registry.npmjs.org/radix3/-/radix3-0.1.2.tgz",
      "integrity": "sha512-Mpfd/OuX0zoJ6ojLD/RTOHvJPg6e6PjINtmYzV87kIXc5iUtDz34i7gg4SV4XjqRJTmSiYO/g9i/mKWGf4z8wg=="
    },
    "node_modules/ufo": {
      "version": "0.8.4",
      "resolved": "https://registry.npmjs.org/ufo/-/ufo-0.8.4.tgz",
      "integrity": "sha512-/+BmBDe8GvlB2nIflWasLLAInjYG0bC9HRnfEpNi4sw77J2AJNnEVnTDReVrehoh825+Q/evF3THXTAweyam2g=="
    }
  },
  "dependencies": {
    "cookie-es": {
      "version": "0.5.0",
      "resolved": "https://registry.npmjs.org/cookie-es/-/cookie-es-0.5.0.tgz",
      "integrity": "sha512-RyZrFi6PNpBFbIaQjXDlFIhFVqV42QeKSZX1yQIl6ihImq6vcHNGMtqQ/QzY3RMPuYSkvsRwtnt5M9NeYxKt0g=="
    },
    "destr": {
      "version": "1.1.1",
      "resolved": "https://registry.npmjs.org/destr/-/destr-1.1.1.tgz",
      "integrity": "sha512-QqkneF8LrYmwATMdnuD2MLI3GHQIcBnG6qFC2q9bSH430VTCDAVjcspPmUaKhPGtAtPAftIUFqY1obQYQuwmbg=="
    },
    "h3": {
      "version": "0.7.8",
      "resolved": "https://registry.npmjs.org/h3/-/h3-0.7.8.tgz",
      "integrity": "sha512-E5hqrzQvQEYVE4h579pLb9gipHagQVZIMP2v83vSKxa40b7ctG1zNylXtW57BT3BGNVeQTccl6vIwyVK1L6lLw==",
      "requires": {
        "cookie-es": "^0.5.0",
        "destr": "^1.1.1",
        "radix3": "^0.1.2",
        "ufo": "^0.8.3"
      }
    },
    "radix3": {
      "version": "0.1.2",
      "resolved": "https://registry.npmjs.org/radix3/-/radix3-0.1.2.tgz",
      "integrity": "sha512-Mpfd/OuX0zoJ6ojLD/RTOHvJPg6e6PjINtmYzV87kIXc5iUtDz34i7gg4SV4XjqRJTmSiYO/g9i/mKWGf4z8wg=="
    },
    "ufo": {
      "version": "0.8.4",
      "resolved": "https://registry.npmjs.org/ufo/-/ufo-0.8.4.tgz",
      "integrity": "sha512-/+BmBDe8GvlB2nIflWasLLAInjYG0bC9HRnfEpNi4sw77J2AJNnEVnTDReVrehoh825+Q/evF3THXTAweyam2g=="
    }
  }
}
